
Microsoft Visual Studio Solution File, Format Version 12.00
# Visual Studio 15
VisualStudioVersion = 15.0.27428.2002
MinimumVisualStudioVersion = 10.0.40219.1
Project("{FAE04EC0-301F-11D3-BF4B-00C04F79EFBC}") = "Task4Xamarin.Net.Android", "Task4Xamarin.Net\Task4Xamarin.Net.Android\Task4Xamarin.Net.Android.csproj", "{00DE30D8-5B7F-4410-A34D-DB82751DF3EE}"
EndProject
Project("{FAE04EC0-301F-11D3-BF4B-00C04F79EFBC}") = "Task4Xamarin.Net", "Task4Xamarin.Net\Task4Xamarin.Net\Task4Xamarin.Net.csproj", "{031C39A7-AE33-4BA1-B9CC-F3215DE2BAD3}"
EndProject
Global
	GlobalSection(SolutionConfigurationPlatforms) = preSolution
		Debug|Any CPU = Debug|Any CPU
		Release|Any CPU = Release|Any CPU
	EndGlobalSection
	GlobalSection(ProjectConfigurationPlatforms) = postSolution
		{00DE30D8-5B7F-4410-A34D-DB82751DF3EE}.Debug|Any CPU.ActiveCfg = Debug|Any CPU
		{00DE30D8-5B7F-4410-A34D-DB82751DF3EE}.Debug|Any CPU.Build.0 = Debug|Any CPU
		{00DE30D8-5B7F-4410-A34D-DB82751DF3EE}.Debug|Any CPU.Deploy.0 = Debug|Any CPU
		{00DE30D8-5B7F-4410-A34D-DB82751DF3EE}.Release|Any CPU.ActiveCfg = Release|Any CPU
		{00DE30D8-5B7F-4410-A34D-DB82751DF3EE}.Release|Any CPU.Build.0 = Release|Any CPU
		{00DE30D8-5B7F-4410-A34D-DB82751DF3EE}.Release|Any CPU.Deploy.0 = Release|Any CPU
		{031C39A7-AE33-4BA1-B9CC-F3215DE2BAD3}.Debug|Any CPU.ActiveCfg = Debug|Any CPU
		{031C39A7-AE33-4BA1-B9CC-F3215DE2BAD3}.Debug|Any CPU.Build.0 = Debug|Any CPU
		{031C39A7-AE33-4BA1-B9CC-F3215DE2BAD3}.Release|Any CPU.ActiveCfg = Release|Any CPU
		{031C39A7-AE33-4BA1-B9CC-F3215DE2BAD3}.Release|Any CPU.Build.0 = Release|Any CPU
	EndGlobalSection
	GlobalSection(SolutionProperties) = preSolution
		HideSolutionNode = FALSE
	EndGlobalSection
	GlobalSection(ExtensibilityGlobals) = postSolution
		SolutionGuid = {5CAF7050-A402-496D-894C-BD73A7DE6D39}
	EndGlobalSection
EndGlobal
